// !$*UTF8*$!
{
	archiveVersion = 1;
	classes = {
	};
	objectVersion = 56;
	objects = {

/* Begin PBXBuildFile section */
		14B82FEF565437C3B4D67FE9 /* Pods_TPVerifyCodeViewDemo.framework in Frameworks */ = {isa = PBXBuildFile; fileRef = 82227C896CA3965DE55F0FEC /* Pods_TPVerifyCodeViewDemo.framework */; };
		47A2CCA728F9652500DC2E9E /* AppDelegate.m in Sources */ = {isa = PBXBuildFile; fileRef = 47A2CCA628F9652500DC2E9E /* AppDelegate.m */; };
		47A2CCAA28F9652500DC2E9E /* SceneDelegate.m in Sources */ = {isa = PBXBuildFile; fileRef = 47A2CCA928F9652500DC2E9E /* SceneDelegate.m */; };
		47A2CCAD28F9652500DC2E9E /* ViewController.m in Sources */ = {isa = PBXBuildFile; fileRef = 47A2CCAC28F9652500DC2E9E /* ViewController.m */; };
		47A2CCB028F9652500DC2E9E /* Main.storyboard in Resources */ = {isa = PBXBuildFile; fileRef = 47A2CCAE28F9652500DC2E9E /* Main.storyboard */; };
		47A2CCB228F9652600DC2E9E /* Assets.xcassets in Resources */ = {isa = PBXBuildFile; fileRef = 47A2CCB128F9652600DC2E9E /* Assets.xcassets */; };
		47A2CCB528F9652600DC2E9E /* LaunchScreen.storyboard in Resources */ = {isa = PBXBuildFile; fileRef = 47A2CCB328F9652600DC2E9E /* LaunchScreen.storyboard */; };
		47A2CCB828F9652600DC2E9E /* main.m in Sources */ = {isa = PBXBuildFile; fileRef = 47A2CCB728F9652600DC2E9E /* main.m */; };
		47A2CCC128F9656C00DC2E9E /* TPVerifyCodeView.m in Sources */ = {isa = PBXBuildFile; fileRef = 47A2CCBF28F9656C00DC2E9E /* TPVerifyCodeView.m */; };
/* End PBXBuildFile section */

/* Begin PBXFileReference section */
		47A2CCA228F9652500DC2E9E /* TPVerifyCodeViewDemo.app */ = {isa = PBXFileReference; explicitFileType = wrapper.application; includeInIndex = 0; path = TPVerifyCodeViewDemo.app; sourceTree = BUILT_PRODUCTS_DIR; };
		47A2CCA528F9652500DC2E9E /* AppDelegate.h */ = {isa = PBXFileReference; lastKnownFileType = sourcecode.c.h; path = AppDelegate.h; sourceTree = "<group>"; };
		47A2CCA628F9652500DC2E9E /* AppDelegate.m */ = {isa = PBXFileReference; lastKnownFileType = sourcecode.c.objc; path = AppDelegate.m; sourceTree = "<group>"; };
		47A2CCA828F9652500DC2E9E /* SceneDelegate.h */ = {isa = PBXFileReference; lastKnownFileType = sourcecode.c.h; path = SceneDelegate.h; sourceTree = "<group>"; };
		47A2CCA928F9652500DC2E9E /* SceneDelegate.m */ = {isa = PBXFileReference; lastKnownFileType = sourcecode.c.objc; path = SceneDelegate.m; sourceTree = "<group>"; };
		47A2CCAB28F9652500DC2E9E /* ViewController.h */ = {isa = PBXFileReference; lastKnownFileType = sourcecode.c.h; path = ViewController.h; sourceTree = "<group>"; };
		47A2CCAC28F9652500DC2E9E /* ViewController.m */ = {isa = PBXFileReference; lastKnownFileType = sourcecode.c.objc; path = ViewController.m; sourceTree = "<group>"; };
		47A2CCAF28F9652500DC2E9E /* Base */ = {isa = PBXFileReference; lastKnownFileType = file.storyboard; name = Base; path = Base.lproj/Main.storyboard; sourceTree = "<group>"; };
		47A2CCB128F9652600DC2E9E /* Assets.xcassets */ = {isa = PBXFileReference; lastKnownFileType = folder.assetcatalog; path = Assets.xcassets; sourceTree = "<group>"; };
		47A2CCB428F9652600DC2E9E /* Base */ = {isa = PBXFileReference; lastKnownFileType = file.storyboard; name = Base; path = Base.lproj/LaunchScreen.storyboard; sourceTree = "<group>"; };
		47A2CCB628F9652600DC2E9E /* Info.plist */ = {isa = PBXFileReference; lastKnownFileType = text.plist.xml; path = Info.plist; sourceTree = "<group>"; };
		47A2CCB728F9652600DC2E9E /* main.m */ = {isa = PBXFileReference; lastKnownFileType = sourcecode.c.objc; path = main.m; sourceTree = "<group>"; };
		47A2CCBF28F9656C00DC2E9E /* TPVerifyCodeView.m */ = {isa = PBXFileReference; fileEncoding = 4; lastKnownFileType = sourcecode.c.objc; path = TPVerifyCodeView.m; sourceTree = "<group>"; };
		47A2CCC028F9656C00DC2E9E /* TPVerifyCodeView.h */ = {isa = PBXFileReference; fileEncoding = 4; lastKnownFileType = sourcecode.c.h; path = TPVerifyCodeView.h; sourceTree = "<group>"; };
		721E30319006E5B4BBE77E22 /* Pods-TPVerifyCodeViewDemo.debug.xcconfig */ = {isa = PBXFileReference; includeInIndex = 1; lastKnownFileType = text.xcconfig; name = "Pods-TPVerifyCodeViewDemo.debug.xcconfig"; path = "Target Support Files/Pods-TPVerifyCodeViewDemo/Pods-TPVerifyCodeViewDemo.debug.xcconfig"; sourceTree = "<group>"; };
		82227C896CA3965DE55F0FEC /* Pods_TPVerifyCodeViewDemo.framework */ = {isa = PBXFileReference; explicitFileType = wrapper.framework; includeInIndex = 0; path = Pods_TPVerifyCodeViewDemo.framework; sourceTree = BUILT_PRODUCTS_DIR; };
		FB34399E33676E18019E6F31 /* Pods-TPVerifyCodeViewDemo.release.xcconfig */ = {isa = PBXFileReference; includeInIndex = 1; lastKnownFileType = text.xcconfig; name = "Pods-TPVerifyCodeViewDemo.release.xcconfig"; path = "Target Support Files/Pods-TPVerifyCodeViewDemo/Pods-TPVerifyCodeViewDemo.release.xcconfig"; sourceTree = "<group>"; };
/* End PBXFileReference section */

/* Begin PBXFrameworksBuildPhase section */
		47A2CC9F28F9652500DC2E9E /* Frameworks */ = {
			isa = PBXFrameworksBuildPhase;
			buildActionMask = 2147483647;
			files = (
				14B82FEF565437C3B4D67FE9 /* Pods_TPVerifyCodeViewDemo.framework in Frameworks */,
			);
			runOnlyForDeploymentPostprocessing = 0;
		};
/* End PBXFrameworksBuildPhase section */

/* Begin PBXGroup section */
		3D802E6A1AD4ECFBC48F5AC4 /* Pods */ = {
			isa = PBXGroup;
			children = (
				721E30319006E5B4BBE77E22 /* Pods-TPVerifyCodeViewDemo.debug.xcconfig */,
				FB34399E33676E18019E6F31 /* Pods-TPVerifyCodeViewDemo.release.xcconfig */,
			);
			name = Pods;
			path = Pods;
			sourceTree = "<group>";
		};
		47A2CC9928F9652500DC2E9E = {
			isa = PBXGroup;
			children = (
				47A2CCA428F9652500DC2E9E /* TPVerifyCodeViewDemo */,
				47A2CCA328F9652500DC2E9E /* Products */,
				3D802E6A1AD4ECFBC48F5AC4 /* Pods */,
				9018E866D5357561F660D8D5 /* Frameworks */,
			);
			sourceTree = "<group>";
		};
		47A2CCA328F9652500DC2E9E /* Products */ = {
			isa = PBXGroup;
			children = (
				47A2CCA228F9652500DC2E9E /* TPVerifyCodeViewDemo.app */,
			);
			name = Products;
			sourceTree = "<group>";
		};
		47A2CCA428F9652500DC2E9E /* TPVerifyCodeViewDemo */ = {
			isa = PBXGroup;
			children = (
				47A2CCBE28F9656C00DC2E9E /* TPVerifyCodeView */,
				47A2CCA528F9652500DC2E9E /* AppDelegate.h */,
				47A2CCA628F9652500DC2E9E /* AppDelegate.m */,
				47A2CCA828F9652500DC2E9E /* SceneDelegate.h */,
				47A2CCA928F9652500DC2E9E /* SceneDelegate.m */,
				47A2CCAB28F9652500DC2E9E /* ViewController.h */,
				47A2CCAC28F9652500DC2E9E /* ViewController.m */,
				47A2CCAE28F9652500DC2E9E /* Main.storyboard */,
				47A2CCB128F9652600DC2E9E /* Assets.xcassets */,
				47A2CCB328F9652600DC2E9E /* LaunchScreen.storyboard */,
				47A2CCB628F9652600DC2E9E /* Info.plist */,
				47A2CCB728F9652600DC2E9E /* main.m */,
			);
			path = TPVerifyCodeViewDemo;
			sourceTree = "<group>";
		};
		47A2CCBE28F9656C00DC2E9E /* TPVerifyCodeView */ = {
			isa = PBXGroup;
			children = (
				47A2CCC028F9656C00DC2E9E /* TPVerifyCodeView.h */,
				47A2CCBF28F9656C00DC2E9E /* TPVerifyCodeView.m */,
			);
			path = TPVerifyCodeView;
			sourceTree = "<group>";
		};
		9018E866D5357561F660D8D5 /* Frameworks */ = {
			isa = PBXGroup;
			children = (
				82227C896CA3965DE55F0FEC /* Pods_TPVerifyCodeViewDemo.framework */,
			);
			name = Frameworks;
			sourceTree = "<group>";
		};
/* End PBXGroup section */

/* Begin PBXNativeTarget section */
		47A2CCA128F9652500DC2E9E /* TPVerifyCodeViewDemo */ = {
			isa = PBXNativeTarget;
			buildConfigurationList = 47A2CCBB28F9652600DC2E9E /* Build configuration list for PBXNativeTarget "TPVerifyCodeViewDemo" */;
			buildPhases = (
				56778A51085EA903FBF06344 /* [CP] Check Pods Manifest.lock */,
				47A2CC9E28F9652500DC2E9E /* Sources */,
				47A2CC9F28F9652500DC2E9E /* Frameworks */,
				47A2CCA028F9652500DC2E9E /* Resources */,
				70FDDEF05BE1F3C62DEE86F8 /* [CP] Embed Pods Frameworks */,
			);
			buildRules = (
			);
			dependencies = (
			);
			name = TPVerifyCodeViewDemo;
			productName = TPVerifyCodeViewDemo;
			productReference = 47A2CCA228F9652500DC2E9E /* TPVerifyCodeViewDemo.app */;
			productType = "com.apple.product-type.application";
		};
/* End PBXNativeTarget section */

/* Begin PBXProject section */
		47A2CC9A28F9652500DC2E9E /* Project object */ = {
			isa = PBXProject;
			attributes = {
				BuildIndependentTargetsInParallel = 1;
				LastUpgradeCheck = 1400;
				TargetAttributes = {
					47A2CCA128F9652500DC2E9E = {
						CreatedOnToolsVersion = 14.0;
					};
				};
			};
			buildConfigurationList = 47A2CC9D28F9652500DC2E9E /* Build configuration list for PBXProject "TPVerifyCodeViewDemo" */;
			compatibilityVersion = "Xcode 14.0";
			developmentRegion = en;
			hasScannedForEncodings = 0;
			knownRegions = (
				en,
				Base,
			);
			mainGroup = 47A2CC9928F9652500DC2E9E;
			productRefGroup = 47A2CCA328F9652500DC2E9E /* Products */;
			projectDirPath = "";
			projectRoot = "";
			targets = (
				47A2CCA128F9652500DC2E9E /* TPVerifyCodeViewDemo */,
			);
		};
/* End PBXProject section */

/* Begin PBXResourcesBuildPhase section */
		47A2CCA028F9652500DC2E9E /* Resources */ = {
			isa = PBXResourcesBuildPhase;
			buildActionMask = 2147483647;
			files = (
				47A2CCB528F9652600DC2E9E /* LaunchScreen.storyboard in Resources */,
				47A2CCB228F9652600DC2E9E /* Assets.xcassets in Resources */,
				47A2CCB028F9652500DC2E9E /* Main.storyboard in Resources */,
			);
			runOnlyForDeploymentPostprocessing = 0;
		};
/* End PBXResourcesBuildPhase section */

/* Begin PBXShellScriptBuildPhase section */
		56778A51085EA903FBF06344 /* [CP] Check Pods Manifest.lock */ = {
			isa = PBXShellScriptBuildPhase;
			buildActionMask = 2147483647;
			files = (
			);
			inputFileListPaths = (
			);
			inputPaths = (
				"${PODS_PODFILE_DIR_PATH}/Podfile.lock",
				"${PODS_ROOT}/Manifest.lock",
			);
			name = "[CP] Check Pods Manifest.lock";
			outputFileListPaths = (
			);
			outputPaths = (
				"$(DERIVED_FILE_DIR)/Pods-TPVerifyCodeViewDemo-checkManifestLockResult.txt",
			);
			runOnlyForDeploymentPostprocessing = 0;
			shellPath = /bin/sh;
			shellScript = "diff \"${PODS_PODFILE_DIR_PATH}/Podfile.lock\" \"${PODS_ROOT}/Manifest.lock\" > /dev/null\nif [ $? != 0 ] ; then\n    # print error to STDERR\n    echo \"error: The sandbox is not in sync with the Podfile.lock. Run 'pod install' or update your CocoaPods installation.\" >&2\n    exit 1\nfi\n# This output is used by Xcode 'outputs' to avoid re-running this script phase.\necho \"SUCCESS\" > \"${SCRIPT_OUTPUT_FILE_0}\"\n";
			showEnvVarsInLog = 0;
		};
		70FDDEF05BE1F3C62DEE86F8 /* [CP] Embed Pods Frameworks */ = {
			isa = PBXShellScriptBuildPhase;
			buildActionMask = 2147483647;
			files = (
			);
			inputFileListPaths = (
				"${PODS_ROOT}/Target Support Files/Pods-TPVerifyCodeViewDemo/Pods-TPVerifyCodeViewDemo-frameworks-${CONFIGURATION}-input-files.xcfilelist",
			);
			name = "[CP] Embed Pods Frameworks";
			outputFileListPaths = (
				"${PODS_ROOT}/Target Support Files/Pods-TPVerifyCodeViewDemo/Pods-TPVerifyCodeViewDemo-frameworks-${CONFIGURATION}-output-files.xcfilelist",
			);
			runOnlyForDeploymentPostprocessing = 0;
			shellPath = /bin/sh;
			shellScript = "\"${PODS_ROOT}/Target Support Files/Pods-TPVerifyCodeViewDemo/Pods-TPVerifyCodeViewDemo-frameworks.sh\"\n";
			showEnvVarsInLog = 0;
		};
/* End PBXShellScriptBuildPhase section */

/* Begin PBXSourcesBuildPhase section */
		47A2CC9E28F9652500DC2E9E /* Sources */ = {
			isa = PBXSourcesBuildPhase;
			buildActionMask = 2147483647;
			files = (
				47A2CCAD28F9652500DC2E9E /* ViewController.m in Sources */,
				47A2CCA728F9652500DC2E9E /* AppDelegate.m in Sources */,
				47A2CCB828F9652600DC2E9E /* main.m in Sources */,
				47A2CCC128F9656C00DC2E9E /* TPVerifyCodeView.m in Sources */,
				47A2CCAA28F9652500DC2E9E /* SceneDelegate.m in Sources */,
			);
			runOnlyForDeploymentPostprocessing = 0;
		};
/* End PBXSourcesBuildPhase section */

/* Begin PBXVariantGroup section */
		47A2CCAE28F9652500DC2E9E /* Main.storyboard */ = {
			isa = PBXVariantGroup;
			children = (
				47A2CCAF28F9652500DC2E9E /* Base */,
			);
			name = Main.storyboard;
			sourceTree = "<group>";
		};
		47A2CCB328F9652600DC2E9E /* LaunchScreen.storyboard */ = {
			isa = PBXVariantGroup;
			children = (
				47A2CCB428F9652600DC2E9E /* Base */,
			);
			name = LaunchScreen.storyboard;
			sourceTree = "<group>";
		};
/* End PBXVariantGroup section */

/* Begin XCBuildConfiguration section */
		47A2CCB928F9652600DC2E9E /* Debug */ = {
			isa = XCBuildConfiguration;
			buildSettings = {
				ALWAYS_SEARCH_USER_PATHS = NO;
				CLANG_ANALYZER_NONNULL = YES;
				CLANG_ANALYZER_NUMBER_OBJECT_CONVERSION = YES_AGGRESSIVE;
				CLANG_CXX_LANGUAGE_STANDARD = "gnu++20";
				CLANG_ENABLE_MODULES = YES;
				CLANG_ENABLE_OBJC_ARC = YES;
				CLANG_ENABLE_OBJC_WEAK = YES;
				CLANG_WARN_BLOCK_CAPTURE_AUTORELEASING = YES;
				CLANG_WARN_BOOL_CONVERSION = YES;
				CLANG_WARN_COMMA = YES;
				CLANG_WARN_CONSTANT_CONVERSION = YES;
				CLANG_WARN_DEPRECATED_OBJC_IMPLEMENTATIONS = YES;
				CLANG_WARN_DIRECT_OBJC_ISA_USAGE = YES_ERROR;
				CLANG_WARN_DOCUMENTATION_COMMENTS = YES;
				CLANG_WARN_EMPTY_BODY = YES;
				CLANG_WARN_ENUM_CONVERSION = YES;
				CLANG_WARN_INFINITE_RECURSION = YES;
				CLANG_WARN_INT_CONVERSION = YES;
				CLANG_WARN_NON_LITERAL_NULL_CONVERSION = YES;
				CLANG_WARN_OBJC_IMPLICIT_RETAIN_SELF = YES;
				CLANG_WARN_OBJC_LITERAL_CONVERSION = YES;
				CLANG_WARN_OBJC_ROOT_CLASS = YES_ERROR;
				CLANG_WARN_QUOTED_INCLUDE_IN_FRAMEWORK_HEADER = YES;
				CLANG_WARN_RANGE_LOOP_ANALYSIS = YES;
				CLANG_WARN_STRICT_PROTOTYPES = YES;
				CLANG_WARN_SUSPICIOUS_MOVE = YES;
				CLANG_WARN_UNGUARDED_AVAILABILITY = YES_AGGRESSIVE;
				CLANG_WARN_UNREACHABLE_CODE = YES;
				CLANG_WARN__DUPLICATE_METHOD_MATCH = YES;
				COPY_PHASE_STRIP = NO;
				DEBUG_INFORMATION_FORMAT = dwarf;
				ENABLE_STRICT_OBJC_MSGSEND = YES;
				ENABLE_TESTABILITY = YES;
				GCC_C_LANGUAGE_STANDARD = gnu11;
				GCC_DYNAMIC_NO_PIC = NO;
				GCC_NO_COMMON_BLOCKS = YES;
				GCC_OPTIMIZATION_LEVEL = 0;
				GCC_PREPROCESSOR_DEFINITIONS = (
					"DEBUG=1",
					"$(inherited)",
				);
				GCC_WARN_64_TO_32_BIT_CONVERSION = YES;
				GCC_WARN_ABOUT_RETURN_TYPE = YES_ERROR;
				GCC_WARN_UNDECLARED_SELECTOR = YES;
				GCC_WARN_UNINITIALIZED_AUTOS = YES_AGGRESSIVE;
				GCC_WARN_UNUSED_FUNCTION = YES;
				GCC_WARN_UNUSED_VARIABLE = YES;
				IPHONEOS_DEPLOYMENT_TARGET = 16.0;
				MTL_ENABLE_DEBUG_INFO = INCLUDE_SOURCE;
				MTL_FAST_MATH = YES;
				ONLY_ACTIVE_ARCH = YES;
				SDKROOT = iphoneos;
			};
			name = Debug;
		};
		47A2CCBA28F9652600DC2E9E /* Release */ = {
			isa = XCBuildConfiguration;
			buildSettings = {
				ALWAYS_SEARCH_USER_PATHS = NO;
				CLANG_ANALYZER_NONNULL = YES;
				CLANG_ANALYZER_NUMBER_OBJECT_CONVERSION = YES_AGGRESSIVE;
				CLANG_CXX_LANGUAGE_STANDARD = "gnu++20";
				CLANG_ENABLE_MODULES = YES;
				CLANG_ENABLE_OBJC_ARC = YES;
				CLANG_ENABLE_OBJC_WEAK = YES;
				CLANG_WARN_BLOCK_CAPTURE_AUTORELEASING = YES;
				CLANG_WARN_BOOL_CONVERSION = YES;
				CLANG_WARN_COMMA = YES;
				CLANG_WARN_CONSTANT_CONVERSION = YES;
				CLANG_WARN_DEPRECATED_OBJC_IMPLEMENTATIONS = YES;
				CLANG_WARN_DIRECT_OBJC_ISA_USAGE = YES_ERROR;
				CLANG_WARN_DOCUMENTATION_COMMENTS = YES;
				CLANG_WARN_EMPTY_BODY = YES;
				CLANG_WARN_ENUM_CONVERSION = YES;
				CLANG_WARN_INFINITE_RECURSION = YES;
				CLANG_WARN_INT_CONVERSION = YES;
				CLANG_WARN_NON_LITERAL_NULL_CONVERSION = YES;
				CLANG_WARN_OBJC_IMPLICIT_RETAIN_SELF = YES;
				CLANG_WARN_OBJC_LITERAL_CONVERSION = YES;
				CLANG_WARN_OBJC_ROOT_CLASS = YES_ERROR;
				CLANG_WARN_QUOTED_INCLUDE_IN_FRAMEWORK_HEADER = YES;
				CLANG_WARN_RANGE_LOOP_ANALYSIS = YES;
				CLANG_WARN_STRICT_PROTOTYPES = YES;
				CLANG_WARN_SUSPICIOUS_MOVE = YES;
				CLANG_WARN_UNGUARDED_AVAILABILITY = YES_AGGRESSIVE;
				CLANG_WARN_UNREACHABLE_CODE = YES;
				CLANG_WARN__DUPLICATE_METHOD_MATCH = YES;
				COPY_PHASE_STRIP = NO;
				DEBUG_INFORMATION_FORMAT = "dwarf-with-dsym";
				ENABLE_NS_ASSERTIONS = NO;
				ENABLE_STRICT_OBJC_MSGSEND = YES;
				GCC_C_LANGUAGE_STANDARD = gnu11;
				GCC_NO_COMMON_BLOCKS = YES;
				GCC_WARN_64_TO_32_BIT_CONVERSION = YES;
				GCC_WARN_ABOUT_RETURN_TYPE = YES_ERROR;
				GCC_WARN_UNDECLARED_SELECTOR = YES;
				GCC_WARN_UNINITIALIZED_AUTOS = YES_AGGRESSIVE;
				GCC_WARN_UNUSED_FUNCTION = YES;
				GCC_WARN_UNUSED_VARIABLE = YES;
				IPHONEOS_DEPLOYMENT_TARGET = 16.0;
				MTL_ENABLE_DEBUG_INFO = NO;
				MTL_FAST_MATH = YES;
				SDKROOT = iphoneos;
				VALIDATE_PRODUCT = YES;
			};
			name = Release;
		};
		47A2CCBC28F9652600DC2E9E /* Debug */ = {
			isa = XCBuildConfiguration;
			baseConfigurationReference = 721E30319006E5B4BBE77E22 /* Pods-TPVerifyCodeViewDemo.debug.xcconfig */;
			buildSettings = {
				ASSETCATALOG_COMPILER_APPICON_NAME = AppIcon;
				ASSETCATALOG_COMPILER_GLOBAL_ACCENT_COLOR_NAME = AccentColor;
				CODE_SIGN_STYLE = Automatic;
				CURRENT_PROJECT_VERSION = 1;
				GENERATE_INFOPLIST_FILE = YES;
				INFOPLIST_FILE = TPVerifyCodeViewDemo/Info.plist;
				INFOPLIST_KEY_UIApplicationSupportsIndirectInputEvents = YES;
				INFOPLIST_KEY_UILaunchStoryboardName = LaunchScreen;
				INFOPLIST_KEY_UIMainStoryboardFile = Main;
				INFOPLIST_KEY_UISupportedInterfaceOrientations_iPad = "UIInterfaceOrientationPortrait UIInterfaceOrientationPortraitUpsideDown UIInterfaceOrientationLandscapeLeft UIInterfaceOrientationLandscapeRight";
				INFOPLIST_KEY_UISupportedInterfaceOrientations_iPhone = "UIInterfaceOrientationPortrait UIInterfaceOrientationLandscapeLeft UIInterfaceOrientationLandscapeRight";
				LD_RUNPATH_SEARCH_PATHS = (
					"$(inherited)",
					"@executable_path/Frameworks",
				);
				MARKETING_VERSION = 1.0;
				PRODUCT_BUNDLE_IDENTIFIER = com.TPVerifyCodeViewDemo.demo.TPVerifyCodeViewDemo;
				PRODUCT_NAME = "$(TARGET_NAME)";
				SWIFT_EMIT_LOC_STRINGS = YES;
				TARGETED_DEVICE_FAMILY = "1,2";
			};
			name = Debug;
		};
		47A2CCBD28F9652600DC2E9E /* Release */ = {
			isa = XCBuildConfiguration;
			baseConfigurationReference = FB34399E33676E18019E6F31 /* Pods-TPVerifyCodeViewDemo.release.xcconfig */;
			buildSettings = {
				ASSETCATALOG_COMPILER_APPICON_NAME = AppIcon;
				ASSETCATALOG_COMPILER_GLOBAL_ACCENT_COLOR_NAME = AccentColor;
				CODE_SIGN_STYLE = Automatic;
				CURRENT_PROJECT_VERSION = 1;
				GENERATE_INFOPLIST_FILE = YES;
				INFOPLIST_FILE = TPVerifyCodeViewDemo/Info.plist;
				INFOPLIST_KEY_UIApplicationSupportsIndirectInputEvents = YES;
				INFOPLIST_KEY_UILaunchStoryboardName = LaunchScreen;
				INFOPLIST_KEY_UIMainStoryboardFile = Main;
				INFOPLIST_KEY_UISupportedInterfaceOrientations_iPad = "UIInterfaceOrientationPortrait UIInterfaceOrientationPortraitUpsideDown UIInterfaceOrientationLandscapeLeft UIInterfaceOrientationLandscapeRight";
				INFOPLIST_KEY_UISupportedInterfaceOrientations_iPhone = "UIInterfaceOrientationPortrait UIInterfaceOrientationLandscapeLeft UIInterfaceOrientationLandscapeRight";
				LD_RUNPATH_SEARCH_PATHS = (
					"$(inherited)",
					"@executable_path/Frameworks",
				);
				MARKETING_VERSION = 1.0;
				PRODUCT_BUNDLE_IDENTIFIER = com.TPVerifyCodeViewDemo.demo.TPVerifyCodeViewDemo;
				PRODUCT_NAME = "$(TARGET_NAME)";
				SWIFT_EMIT_LOC_STRINGS = YES;
				TARGETED_DEVICE_FAMILY = "1,2";
			};
			name = Release;
		};
/* End XCBuildConfiguration section */

/* Begin XCConfigurationList section */
		47A2CC9D28F9652500DC2E9E /* Build configuration list for PBXProject "TPVerifyCodeViewDemo" */ = {
			isa = XCConfigurationList;
			buildConfigurations = (
				47A2CCB928F9652600DC2E9E /* Debug */,
				47A2CCBA28F9652600DC2E9E /* Release */,
			);
			defaultConfigurationIsVisible = 0;
			defaultConfigurationName = Release;
		};
		47A2CCBB28F9652600DC2E9E /* Build configuration list for PBXNativeTarget "TPVerifyCodeViewDemo" */ = {
			isa = XCConfigurationList;
			buildConfigurations = (
				47A2CCBC28F9652600DC2E9E /* Debug */,
				47A2CCBD28F9652600DC2E9E /* Release */,
			);
			defaultConfigurationIsVisible = 0;
			defaultConfigurationName = Release;
		};
/* End XCConfigurationList section */
	};
	rootObject = 47A2CC9A28F9652500DC2E9E /* Project object */;
}
